
Microsoft Visual Studio Solution File, Format Version 11.00
# Visual Studio 2010
Project("{8BC9CEB8-8B4A-11D0-8D11-00A0C91BC942}") = "MyFirstApp", "MyFirstApp.vcxproj", "{DAA71F85-041C-4B47-A041-869C196F6E91}"
EndProject
Global
	GlobalSection(SolutionConfigurationPlatforms) = preSolution
		Debug|Win32 = Debug|Win32
		Release|Win32 = Release|Win32
	EndGlobalSection
	GlobalSection(ProjectConfigurationPlatforms) = postSolution
		{DAA71F85-041C-4B47-A041-869C196F6E91}.Debug|Win32.ActiveCfg = Debug|Win32
		{DAA71F85-041C-4B47-A041-869C196F6E91}.Debug|Win32.Build.0 = Debug|Win32
		{DAA71F85-041C-4B47-A041-869C196F6E91}.Release|Win32.ActiveCfg = Release|Win32
		{DAA71F85-041C-4B47-A041-869C196F6E91}.Release|Win32.Build.0 = Release|Win32
	EndGlobalSection
	GlobalSection(SolutionProperties) = preSolution
		HideSolutionNode = FALSE
	EndGlobalSection
EndGlobal
